
Microsoft Visual Studio Solution File, Format Version 12.00
# Visual Studio Version 16
VisualStudioVersion = 16.0.31205.134
MinimumVisualStudioVersion = 10.0.40219.1
Project("{FAE04EC0-301F-11D3-BF4B-00C04F79EFBC}") = "Course", "Course\Course.csproj", "{8FB14203-19D5-460C-BE4E-92A460631E20}"
EndProject
Global
	GlobalSection(SolutionConfigurationPlatforms) = preSolution
		Debug|Any CPU = Debug|Any CPU
		Release|Any CPU = Release|Any CPU
	EndGlobalSection
	GlobalSection(ProjectConfigurationPlatforms) = postSolution
		{8FB14203-19D5-460C-BE4E-92A460631E20}.Debug|Any CPU.ActiveCfg = Debug|Any CPU
		{8FB14203-19D5-460C-BE4E-92A460631E20}.Debug|Any CPU.Build.0 = Debug|Any CPU
		{8FB14203-19D5-460C-BE4E-92A460631E20}.Release|Any CPU.ActiveCfg = Release|Any CPU
		{8FB14203-19D5-460C-BE4E-92A460631E20}.Release|Any CPU.Build.0 = Release|Any CPU
	EndGlobalSection
	GlobalSection(SolutionProperties) = preSolution
		HideSolutionNode = FALSE
	EndGlobalSection
	GlobalSection(ExtensibilityGlobals) = postSolution
		SolutionGuid = {04A4DABC-8DC2-4187-BB85-304DE7D7A647}
	EndGlobalSection
EndGlobal
